
Microsoft Visual Studio Solution File, Format Version 12.00
# Visual Studio 14
Project("{8BC9CEB8-8B4A-11D0-8D11-00A0C91BC942}") = "mpl_list", "mpl_list.vcxproj", "{E9C416C4-D591-71CF-FEAA-5F77EAD6A65D}"
EndProject
Global
	GlobalSection(SolutionConfigurationPlatforms) = preSolution
		Debug|Win32 = Debug|Win32
		Release|Win32 = Release|Win32
	EndGlobalSection
	GlobalSection(ProjectConfigurationPlatforms) = postSolution
		{E9C416C4-D591-71CF-FEAA-5F77EAD6A65D}.Debug|Win32.ActiveCfg = Debug|Win32
		{E9C416C4-D591-71CF-FEAA-5F77EAD6A65D}.Debug|Win32.Build.0 = Debug|Win32
		{E9C416C4-D591-71CF-FEAA-5F77EAD6A65D}.Release|Win32.ActiveCfg = Release|Win32
		{E9C416C4-D591-71CF-FEAA-5F77EAD6A65D}.Release|Win32.Build.0 = Release|Win32
	EndGlobalSection
	GlobalSection(SolutionProperties) = preSolution
		HideSolutionNode = FALSE
	EndGlobalSection
EndGlobal
